// !$*UTF8*$!
{
	archiveVersion = 1;
	classes = {
	};
	objectVersion = 46;
	objects = {

/* Begin PBXBuildFile section */
		27CD18B716E72A29006B6DCF /* UIKit.framework in Frameworks */ = {isa = PBXBuildFile; fileRef = 27CD18B616E72A29006B6DCF /* UIKit.framework */; };
		27CD18B916E72A29006B6DCF /* Foundation.framework in Frameworks */ = {isa = PBXBuildFile; fileRef = 27CD18B816E72A29006B6DCF /* Foundation.framework */; };
		27CD18BB16E72A29006B6DCF /* CoreGraphics.framework in Frameworks */ = {isa = PBXBuildFile; fileRef = 27CD18BA16E72A29006B6DCF /* CoreGraphics.framework */; };
		27CD18C116E72A29006B6DCF /* InfoPlist.strings in Resources */ = {isa = PBXBuildFile; fileRef = 27CD18BF16E72A29006B6DCF /* InfoPlist.strings */; };
		27CD18C316E72A29006B6DCF /* main.m in Sources */ = {isa = PBXBuildFile; fileRef = 27CD18C216E72A29006B6DCF /* main.m */; };
		27CD18C716E72A29006B6DCF /* AppDelegate.m in Sources */ = {isa = PBXBuildFile; fileRef = 27CD18C616E72A29006B6DCF /* AppDelegate.m */; };
		27CD18D016E72A29006B6DCF /* MainStoryboard.storyboard in Resources */ = {isa = PBXBuildFile; fileRef = 27CD18CE16E72A29006B6DCF /* MainStoryboard.storyboard */; };
		27CD18D316E72A29006B6DCF /* ViewController.m in Sources */ = {isa = PBXBuildFile; fileRef = 27CD18D216E72A29006B6DCF /* ViewController.m */; };
		27CD18DC16E72AA7006B6DCF /* WQPDFManager.m in Sources */ = {isa = PBXBuildFile; fileRef = 27CD18DB16E72AA7006B6DCF /* WQPDFManager.m */; };
		27CD18FA16E73604006B6DCF /* AssetsLibrary.framework in Frameworks */ = {isa = PBXBuildFile; fileRef = 27CD18DD16E73143006B6DCF /* AssetsLibrary.framework */; };
		27CD18FD16E73621006B6DCF /* QuartzCore.framework in Frameworks */ = {isa = PBXBuildFile; fileRef = 27CD18FB16E73610006B6DCF /* QuartzCore.framework */; };
		68122398177D78EC00DFA022 /* FSUIViewAnimation.m in Sources */ = {isa = PBXBuildFile; fileRef = 68122397177D78EC00DFA022 /* FSUIViewAnimation.m */; };
		6812239B177D792100DFA022 /* FSToolBox.m in Sources */ = {isa = PBXBuildFile; fileRef = 6812239A177D792100DFA022 /* FSToolBox.m */; };
		6815F3F816F49B9700F3C242 /* Localizable.strings in Resources */ = {isa = PBXBuildFile; fileRef = 6815F3F616F49B9700F3C242 /* Localizable.strings */; };
		6815F3FB16F49C7600F3C242 /* Localizable.strings in Resources */ = {isa = PBXBuildFile; fileRef = 6815F3F916F49C7600F3C242 /* Localizable.strings */; };
		6876962F16F489B100E5DB62 /* MessageUI.framework in Frameworks */ = {isa = PBXBuildFile; fileRef = 6876962E16F489B100E5DB62 /* MessageUI.framework */; };
		6876A0F118BF5E5F00485B9D /* BackgroundCoverView.m in Sources */ = {isa = PBXBuildFile; fileRef = 6876A0F018BF5E5F00485B9D /* BackgroundCoverView.m */; };
		688A1A6818BF4A3700EFD1D3 /* Images.xcassets in Resources */ = {isa = PBXBuildFile; fileRef = 688A1A6718BF4A3700EFD1D3 /* Images.xcassets */; };
		68B76FA016F49AA000AF0B8B /* Localizable.strings in Resources */ = {isa = PBXBuildFile; fileRef = 68B76F9E16F49AA000AF0B8B /* Localizable.strings */; };
		68CDE0E317784AFF008573A0 /* FSNavigationController.m in Sources */ = {isa = PBXBuildFile; fileRef = 68CDE0E217784AFF008573A0 /* FSNavigationController.m */; };
		68D8B03019E3CF1500C3B0B2 /* QBAssetsCollectionCheckmarkView.m in Sources */ = {isa = PBXBuildFile; fileRef = 68D8B01B19E3CF1500C3B0B2 /* QBAssetsCollectionCheckmarkView.m */; };
		68D8B03119E3CF1500C3B0B2 /* QBAssetsCollectionFooterView.m in Sources */ = {isa = PBXBuildFile; fileRef = 68D8B01D19E3CF1500C3B0B2 /* QBAssetsCollectionFooterView.m */; };
		68D8B03219E3CF1500C3B0B2 /* QBAssetsCollectionOverlayView.m in Sources */ = {isa = PBXBuildFile; fileRef = 68D8B01F19E3CF1500C3B0B2 /* QBAssetsCollectionOverlayView.m */; };
		68D8B03319E3CF1500C3B0B2 /* QBAssetsCollectionViewCell.m in Sources */ = {isa = PBXBuildFile; fileRef = 68D8B02119E3CF1500C3B0B2 /* QBAssetsCollectionViewCell.m */; };
		68D8B03419E3CF1500C3B0B2 /* QBAssetsCollectionViewController.m in Sources */ = {isa = PBXBuildFile; fileRef = 68D8B02319E3CF1500C3B0B2 /* QBAssetsCollectionViewController.m */; };
		68D8B03519E3CF1500C3B0B2 /* QBAssetsCollectionViewLayout.m in Sources */ = {isa = PBXBuildFile; fileRef = 68D8B02519E3CF1500C3B0B2 /* QBAssetsCollectionViewLayout.m */; };
		68D8B03619E3CF1500C3B0B2 /* QBImagePickerController.m in Sources */ = {isa = PBXBuildFile; fileRef = 68D8B02719E3CF1500C3B0B2 /* QBImagePickerController.m */; };
		68D8B03719E3CF1500C3B0B2 /* QBImagePickerGroupCell.m in Sources */ = {isa = PBXBuildFile; fileRef = 68D8B02919E3CF1500C3B0B2 /* QBImagePickerGroupCell.m */; };
		68D8B03819E3CF1500C3B0B2 /* QBImagePickerThumbnailView.m in Sources */ = {isa = PBXBuildFile; fileRef = 68D8B02B19E3CF1500C3B0B2 /* QBImagePickerThumbnailView.m */; };
		68D8B03919E3CF1500C3B0B2 /* QBImagePickerController.strings in Resources */ = {isa = PBXBuildFile; fileRef = 68D8B02D19E3CF1500C3B0B2 /* QBImagePickerController.strings */; };
		68D8B03E19E3D27A00C3B0B2 /* FSSettingsViewController.swift in Sources */ = {isa = PBXBuildFile; fileRef = 68D8B03D19E3D27A00C3B0B2 /* FSSettingsViewController.swift */; };
		68EB197C1799135200AC132A /* FSPdfPreviewViewController.m in Sources */ = {isa = PBXBuildFile; fileRef = 68EB197B1799135200AC132A /* FSPdfPreviewViewController.m */; };
		68EB198E179926C100AC132A /* GMGridView.m in Sources */ = {isa = PBXBuildFile; fileRef = 68EB1984179926C100AC132A /* GMGridView.m */; };
		68EB198F179926C100AC132A /* GMGridViewCell.m in Sources */ = {isa = PBXBuildFile; fileRef = 68EB1987179926C100AC132A /* GMGridViewCell.m */; };
		68EB1990179926C100AC132A /* GMGridViewLayoutStrategies.m in Sources */ = {isa = PBXBuildFile; fileRef = 68EB1989179926C100AC132A /* GMGridViewLayoutStrategies.m */; };
		68EB1991179926C100AC132A /* UIGestureRecognizer+GMGridViewAdditions.m in Sources */ = {isa = PBXBuildFile; fileRef = 68EB198B179926C100AC132A /* UIGestureRecognizer+GMGridViewAdditions.m */; };
		68EB1992179926C100AC132A /* UIView+GMGridViewAdditions.m in Sources */ = {isa = PBXBuildFile; fileRef = 68EB198D179926C100AC132A /* UIView+GMGridViewAdditions.m */; };
		68EB1995179927FB00AC132A /* FSimageOrderChangingViewController.m in Sources */ = {isa = PBXBuildFile; fileRef = 68EB1994179927FA00AC132A /* FSimageOrderChangingViewController.m */; };
		68FF9CFD177D90130081A6E0 /* UIViewController+FSViewController.m in Sources */ = {isa = PBXBuildFile; fileRef = 68FF9CFC177D90130081A6E0 /* UIViewController+FSViewController.m */; };
		68FF9D00177DA1400081A6E0 /* FSPagingScrollView.m in Sources */ = {isa = PBXBuildFile; fileRef = 68FF9CFF177DA1400081A6E0 /* FSPagingScrollView.m */; };
		68FF9D03177DB39A0081A6E0 /* pageSize.json in Resources */ = {isa = PBXBuildFile; fileRef = 68FF9D02177DB39A0081A6E0 /* pageSize.json */; };
		86C7B39A777E4B58BA1E920D /* libPods.a in Frameworks */ = {isa = PBXBuildFile; fileRef = D3F38A7BBF6F49A6B9D6D36A /* libPods.a */; };
/* End PBXBuildFile section */

/* Begin PBXFileReference section */
		27CD18B316E72A29006B6DCF /* RoocokosImage2PDFConverter.app */ = {isa = PBXFileReference; explicitFileType = wrapper.application; includeInIndex = 0; path = RoocokosImage2PDFConverter.app; sourceTree = BUILT_PRODUCTS_DIR; };
		27CD18B616E72A29006B6DCF /* UIKit.framework */ = {isa = PBXFileReference; lastKnownFileType = wrapper.framework; name = UIKit.framework; path = System/Library/Frameworks/UIKit.framework; sourceTree = SDKROOT; };
		27CD18B816E72A29006B6DCF /* Foundation.framework */ = {isa = PBXFileReference; lastKnownFileType = wrapper.framework; name = Foundation.framework; path = System/Library/Frameworks/Foundation.framework; sourceTree = SDKROOT; };
		27CD18BA16E72A29006B6DCF /* CoreGraphics.framework */ = {isa = PBXFileReference; lastKnownFileType = wrapper.framework; name = CoreGraphics.framework; path = System/Library/Frameworks/CoreGraphics.framework; sourceTree = SDKROOT; };
		27CD18BE16E72A29006B6DCF /* Rococo's Image2PDF-Info.plist */ = {isa = PBXFileReference; lastKnownFileType = text.plist.xml; path = "Rococo's Image2PDF-Info.plist"; sourceTree = "<group>"; };
		27CD18C016E72A29006B6DCF /* en */ = {isa = PBXFileReference; lastKnownFileType = text.plist.strings; name = en; path = en.lproj/InfoPlist.strings; sourceTree = "<group>"; };
		27CD18C216E72A29006B6DCF /* main.m */ = {isa = PBXFileReference; lastKnownFileType = sourcecode.c.objc; path = main.m; sourceTree = "<group>"; };
		27CD18C416E72A29006B6DCF /* Rococo's Image2PDF-Prefix.pch */ = {isa = PBXFileReference; lastKnownFileType = sourcecode.c.h; path = "Rococo's Image2PDF-Prefix.pch"; sourceTree = "<group>"; };
		27CD18C516E72A29006B6DCF /* AppDelegate.h */ = {isa = PBXFileReference; lastKnownFileType = sourcecode.c.h; path = AppDelegate.h; sourceTree = "<group>"; };
		27CD18C616E72A29006B6DCF /* AppDelegate.m */ = {isa = PBXFileReference; lastKnownFileType = sourcecode.c.objc; path = AppDelegate.m; sourceTree = "<group>"; };
		27CD18D116E72A29006B6DCF /* ViewController.h */ = {isa = PBXFileReference; lastKnownFileType = sourcecode.c.h; name = ViewController.h; path = ../ViewController.h; sourceTree = "<group>"; };
		27CD18D216E72A29006B6DCF /* ViewController.m */ = {isa = PBXFileReference; lastKnownFileType = sourcecode.c.objc; name = ViewController.m; path = ../ViewController.m; sourceTree = "<group>"; };
		27CD18DA16E72AA7006B6DCF /* WQPDFManager.h */ = {isa = PBXFileReference; fileEncoding = 4; lastKnownFileType = sourcecode.c.h; name = WQPDFManager.h; path = ../WQPDFManager.h; sourceTree = "<group>"; };
		27CD18DB16E72AA7006B6DCF /* WQPDFManager.m */ = {isa = PBXFileReference; fileEncoding = 4; lastKnownFileType = sourcecode.c.objc; name = WQPDFManager.m; path = ../WQPDFManager.m; sourceTree = "<group>"; };
		27CD18DD16E73143006B6DCF /* AssetsLibrary.framework */ = {isa = PBXFileReference; lastKnownFileType = wrapper.framework; name = AssetsLibrary.framework; path = System/Library/Frameworks/AssetsLibrary.framework; sourceTree = SDKROOT; };
		27CD18FB16E73610006B6DCF /* QuartzCore.framework */ = {isa = PBXFileReference; lastKnownFileType = wrapper.framework; name = QuartzCore.framework; path = System/Library/Frameworks/QuartzCore.framework; sourceTree = SDKROOT; };
		68122396177D78EC00DFA022 /* FSUIViewAnimation.h */ = {isa = PBXFileReference; fileEncoding = 4; lastKnownFileType = sourcecode.c.h; name = FSUIViewAnimation.h; path = ../FSUIViewAnimation.h; sourceTree = "<group>"; };
		68122397177D78EC00DFA022 /* FSUIViewAnimation.m */ = {isa = PBXFileReference; fileEncoding = 4; lastKnownFileType = sourcecode.c.objc; name = FSUIViewAnimation.m; path = ../FSUIViewAnimation.m; sourceTree = "<group>"; };
		68122399177D792100DFA022 /* FSToolBox.h */ = {isa = PBXFileReference; fileEncoding = 4; lastKnownFileType = sourcecode.c.h; name = FSToolBox.h; path = ../FSToolBox.h; sourceTree = "<group>"; };
		6812239A177D792100DFA022 /* FSToolBox.m */ = {isa = PBXFileReference; fileEncoding = 4; lastKnownFileType = sourcecode.c.objc; name = FSToolBox.m; path = ../FSToolBox.m; sourceTree = "<group>"; };
		6815F3F716F49B9700F3C242 /* zh-Hans */ = {isa = PBXFileReference; explicitFileType = text.plist.strings; name = "zh-Hans"; path = "zh-Hans.lproj/Localizable.strings"; sourceTree = "<group>"; xcLanguageSpecificationIdentifier = xcode.lang.simpleColoring; };
		6815F3FA16F49C7600F3C242 /* zh-Hant-TW */ = {isa = PBXFileReference; explicitFileType = text.plist.strings; name = "zh-Hant-TW"; path = "zh-Hant-TW.lproj/Localizable.strings"; sourceTree = "<group>"; };
		6815F41016F4A5F400F3C242 /* en */ = {isa = PBXFileReference; lastKnownFileType = file.storyboard; name = en; path = en.lproj/MainStoryboard.storyboard; sourceTree = "<group>"; };
		6876962E16F489B100E5DB62 /* MessageUI.framework */ = {isa = PBXFileReference; lastKnownFileType = wrapper.framework; name = MessageUI.framework; path = System/Library/Frameworks/MessageUI.framework; sourceTree = SDKROOT; };
		6876A0EF18BF5E5F00485B9D /* BackgroundCoverView.h */ = {isa = PBXFileReference; fileEncoding = 4; lastKnownFileType = sourcecode.c.h; name = BackgroundCoverView.h; path = ../BackgroundCoverView.h; sourceTree = "<group>"; };
		6876A0F018BF5E5F00485B9D /* BackgroundCoverView.m */ = {isa = PBXFileReference; fileEncoding = 4; lastKnownFileType = sourcecode.c.objc; name = BackgroundCoverView.m; path = ../BackgroundCoverView.m; sourceTree = "<group>"; };
		688A1A6718BF4A3700EFD1D3 /* Images.xcassets */ = {isa = PBXFileReference; lastKnownFileType = folder.assetcatalog; path = Images.xcassets; sourceTree = "<group>"; };
		68B76F9F16F49AA000AF0B8B /* en */ = {isa = PBXFileReference; explicitFileType = text.plist.strings; name = en; path = en.lproj/Localizable.strings; sourceTree = "<group>"; };
		68CDE0E117784AFF008573A0 /* FSNavigationController.h */ = {isa = PBXFileReference; fileEncoding = 4; lastKnownFileType = sourcecode.c.h; name = FSNavigationController.h; path = ../FSNavigationController.h; sourceTree = "<group>"; };
		68CDE0E217784AFF008573A0 /* FSNavigationController.m */ = {isa = PBXFileReference; fileEncoding = 4; lastKnownFileType = sourcecode.c.objc; name = FSNavigationController.m; path = ../FSNavigationController.m; sourceTree = "<group>"; };
		68D8B01A19E3CF1500C3B0B2 /* QBAssetsCollectionCheckmarkView.h */ = {isa = PBXFileReference; fileEncoding = 4; lastKnownFileType = sourcecode.c.h; path = QBAssetsCollectionCheckmarkView.h; sourceTree = "<group>"; };
		68D8B01B19E3CF1500C3B0B2 /* QBAssetsCollectionCheckmarkView.m */ = {isa = PBXFileReference; fileEncoding = 4; lastKnownFileType = sourcecode.c.objc; path = QBAssetsCollectionCheckmarkView.m; sourceTree = "<group>"; };
		68D8B01C19E3CF1500C3B0B2 /* QBAssetsCollectionFooterView.h */ = {isa = PBXFileReference; fileEncoding = 4; lastKnownFileType = sourcecode.c.h; path = QBAssetsCollectionFooterView.h; sourceTree = "<group>"; };
		68D8B01D19E3CF1500C3B0B2 /* QBAssetsCollectionFooterView.m */ = {isa = PBXFileReference; fileEncoding = 4; lastKnownFileType = sourcecode.c.objc; path = QBAssetsCollectionFooterView.m; sourceTree = "<group>"; };
		68D8B01E19E3CF1500C3B0B2 /* QBAssetsCollectionOverlayView.h */ = {isa = PBXFileReference; fileEncoding = 4; lastKnownFileType = sourcecode.c.h; path = QBAssetsCollectionOverlayView.h; sourceTree = "<group>"; };
		68D8B01F19E3CF1500C3B0B2 /* QBAssetsCollectionOverlayView.m */ = {isa = PBXFileReference; fileEncoding = 4; lastKnownFileType = sourcecode.c.objc; path = QBAssetsCollectionOverlayView.m; sourceTree = "<group>"; };
		68D8B02019E3CF1500C3B0B2 /* QBAssetsCollectionViewCell.h */ = {isa = PBXFileReference; fileEncoding = 4; lastKnownFileType = sourcecode.c.h; path = QBAssetsCollectionViewCell.h; sourceTree = "<group>"; };
		68D8B02119E3CF1500C3B0B2 /* QBAssetsCollectionViewCell.m */ = {isa = PBXFileReference; fileEncoding = 4; lastKnownFileType = sourcecode.c.objc; path = QBAssetsCollectionViewCell.m; sourceTree = "<group>"; };
		68D8B02219E3CF1500C3B0B2 /* QBAssetsCollectionViewController.h */ = {isa = PBXFileReference; fileEncoding = 4; lastKnownFileType = sourcecode.c.h; path = QBAssetsCollectionViewController.h; sourceTree = "<group>"; };
		68D8B02319E3CF1500C3B0B2 /* QBAssetsCollectionViewController.m */ = {isa = PBXFileReference; fileEncoding = 4; lastKnownFileType = sourcecode.c.objc; path = QBAssetsCollectionViewController.m; sourceTree = "<group>"; };
		68D8B02419E3CF1500C3B0B2 /* QBAssetsCollectionViewLayout.h */ = {isa = PBXFileReference; fileEncoding = 4; lastKnownFileType = sourcecode.c.h; path = QBAssetsCollectionViewLayout.h; sourceTree = "<group>"; };
		68D8B02519E3CF1500C3B0B2 /* QBAssetsCollectionViewLayout.m */ = {isa = PBXFileReference; fileEncoding = 4; lastKnownFileType = sourcecode.c.objc; path = QBAssetsCollectionViewLayout.m; sourceTree = "<group>"; };
		68D8B02619E3CF1500C3B0B2 /* QBImagePickerController.h */ = {isa = PBXFileReference; fileEncoding = 4; lastKnownFileType = sourcecode.c.h; path = QBImagePickerController.h; sourceTree = "<group>"; };
		68D8B02719E3CF1500C3B0B2 /* QBImagePickerController.m */ = {isa = PBXFileReference; fileEncoding = 4; lastKnownFileType = sourcecode.c.objc; path = QBImagePickerController.m; sourceTree = "<group>"; };
		68D8B02819E3CF1500C3B0B2 /* QBImagePickerGroupCell.h */ = {isa = PBXFileReference; fileEncoding = 4; lastKnownFileType = sourcecode.c.h; path = QBImagePickerGroupCell.h; sourceTree = "<group>"; };
		68D8B02919E3CF1500C3B0B2 /* QBImagePickerGroupCell.m */ = {isa = PBXFileReference; fileEncoding = 4; lastKnownFileType = sourcecode.c.objc; path = QBImagePickerGroupCell.m; sourceTree = "<group>"; };
		68D8B02A19E3CF1500C3B0B2 /* QBImagePickerThumbnailView.h */ = {isa = PBXFileReference; fileEncoding = 4; lastKnownFileType = sourcecode.c.h; path = QBImagePickerThumbnailView.h; sourceTree = "<group>"; };
		68D8B02B19E3CF1500C3B0B2 /* QBImagePickerThumbnailView.m */ = {isa = PBXFileReference; fileEncoding = 4; lastKnownFileType = sourcecode.c.objc; path = QBImagePickerThumbnailView.m; sourceTree = "<group>"; };
		68D8B02E19E3CF1500C3B0B2 /* en */ = {isa = PBXFileReference; lastKnownFileType = text.plist.strings; name = en; path = en.lproj/QBImagePickerController.strings; sourceTree = "<group>"; };
		68D8B02F19E3CF1500C3B0B2 /* zh-Hans */ = {isa = PBXFileReference; lastKnownFileType = text.plist.strings; name = "zh-Hans"; path = "zh-Hans.lproj/QBImagePickerController.strings"; sourceTree = "<group>"; };
		68D8B03A19E3D24100C3B0B2 /* Rococo's Image2PDF-Bridging-Header.h */ = {isa = PBXFileReference; lastKnownFileType = sourcecode.c.h; path = "Rococo's Image2PDF-Bridging-Header.h"; sourceTree = "<group>"; };
		68D8B03D19E3D27A00C3B0B2 /* FSSettingsViewController.swift */ = {isa = PBXFileReference; fileEncoding = 4; lastKnownFileType = sourcecode.swift; name = FSSettingsViewController.swift; path = ../FSSettingsViewController.swift; sourceTree = "<group>"; };
		68EB197A1799135200AC132A /* FSPdfPreviewViewController.h */ = {isa = PBXFileReference; fileEncoding = 4; lastKnownFileType = sourcecode.c.h; name = FSPdfPreviewViewController.h; path = ../FSPdfPreviewViewController.h; sourceTree = "<group>"; };
		68EB197B1799135200AC132A /* FSPdfPreviewViewController.m */ = {isa = PBXFileReference; fileEncoding = 4; lastKnownFileType = sourcecode.c.objc; name = FSPdfPreviewViewController.m; path = ../FSPdfPreviewViewController.m; sourceTree = "<group>"; };
		68EB1982179926C100AC132A /* GMGridView-Constants.h */ = {isa = PBXFileReference; fileEncoding = 4; lastKnownFileType = sourcecode.c.h; path = "GMGridView-Constants.h"; sourceTree = "<group>"; };
		68EB1983179926C100AC132A /* GMGridView.h */ = {isa = PBXFileReference; fileEncoding = 4; lastKnownFileType = sourcecode.c.h; path = GMGridView.h; sourceTree = "<group>"; };
		68EB1984179926C100AC132A /* GMGridView.m */ = {isa = PBXFileReference; fileEncoding = 4; lastKnownFileType = sourcecode.c.objc; path = GMGridView.m; sourceTree = "<group>"; };
		68EB1985179926C100AC132A /* GMGridViewCell+Extended.h */ = {isa = PBXFileReference; fileEncoding = 4; lastKnownFileType = sourcecode.c.h; path = "GMGridViewCell+Extended.h"; sourceTree = "<group>"; };
		68EB1986179926C100AC132A /* GMGridViewCell.h */ = {isa = PBXFileReference; fileEncoding = 4; lastKnownFileType = sourcecode.c.h; path = GMGridViewCell.h; sourceTree = "<group>"; };
		68EB1987179926C100AC132A /* GMGridViewCell.m */ = {isa = PBXFileReference; fileEncoding = 4; lastKnownFileType = sourcecode.c.objc; path = GMGridViewCell.m; sourceTree = "<group>"; };
		68EB1988179926C100AC132A /* GMGridViewLayoutStrategies.h */ = {isa = PBXFileReference; fileEncoding = 4; lastKnownFileType = sourcecode.c.h; path = GMGridViewLayoutStrategies.h; sourceTree = "<group>"; };
		68EB1989179926C100AC132A /* GMGridViewLayoutStrategies.m */ = {isa = PBXFileReference; fileEncoding = 4; lastKnownFileType = sourcecode.c.objc; path = GMGridViewLayoutStrategies.m; sourceTree = "<group>"; };
		68EB198A179926C100AC132A /* UIGestureRecognizer+GMGridViewAdditions.h */ = {isa = PBXFileReference; fileEncoding = 4; lastKnownFileType = sourcecode.c.h; path = "UIGestureRecognizer+GMGridViewAdditions.h"; sourceTree = "<group>"; };
		68EB198B179926C100AC132A /* UIGestureRecognizer+GMGridViewAdditions.m */ = {isa = PBXFileReference; fileEncoding = 4; lastKnownFileType = sourcecode.c.objc; path = "UIGestureRecognizer+GMGridViewAdditions.m"; sourceTree = "<group>"; };
		68EB198C179926C100AC132A /* UIView+GMGridViewAdditions.h */ = {isa = PBXFileReference; fileEncoding = 4; lastKnownFileType = sourcecode.c.h; path = "UIView+GMGridViewAdditions.h"; sourceTree = "<group>"; };
		68EB198D179926C100AC132A /* UIView+GMGridViewAdditions.m */ = {isa = PBXFileReference; fileEncoding = 4; lastKnownFileType = sourcecode.c.objc; path = "UIView+GMGridViewAdditions.m"; sourceTree = "<group>"; };
		68EB1993179927FA00AC132A /* FSimageOrderChangingViewController.h */ = {isa = PBXFileReference; fileEncoding = 4; lastKnownFileType = sourcecode.c.h; name = FSimageOrderChangingViewController.h; path = ../FSimageOrderChangingViewController.h; sourceTree = "<group>"; };
		68EB1994179927FA00AC132A /* FSimageOrderChangingViewController.m */ = {isa = PBXFileReference; fileEncoding = 4; lastKnownFileType = sourcecode.c.objc; name = FSimageOrderChangingViewController.m; path = ../FSimageOrderChangingViewController.m; sourceTree = "<group>"; };
		68FF9CFB177D90130081A6E0 /* UIViewController+FSViewController.h */ = {isa = PBXFileReference; fileEncoding = 4; lastKnownFileType = sourcecode.c.h; name = "UIViewController+FSViewController.h"; path = "../UIViewController+FSViewController.h"; sourceTree = "<group>"; };
		68FF9CFC177D90130081A6E0 /* UIViewController+FSViewController.m */ = {isa = PBXFileReference; fileEncoding = 4; lastKnownFileType = sourcecode.c.objc; name = "UIViewController+FSViewController.m"; path = "../UIViewController+FSViewController.m"; sourceTree = "<group>"; };
		68FF9CFE177DA1400081A6E0 /* FSPagingScrollView.h */ = {isa = PBXFileReference; fileEncoding = 4; lastKnownFileType = sourcecode.c.h; name = FSPagingScrollView.h; path = ../FSPagingScrollView.h; sourceTree = "<group>"; };
		68FF9CFF177DA1400081A6E0 /* FSPagingScrollView.m */ = {isa = PBXFileReference; fileEncoding = 4; lastKnownFileType = sourcecode.c.objc; name = FSPagingScrollView.m; path = ../FSPagingScrollView.m; sourceTree = "<group>"; };
		68FF9D01177DA8980081A6E0 /* FSPageValueDefinition.h */ = {isa = PBXFileReference; fileEncoding = 4; lastKnownFileType = sourcecode.c.h; name = FSPageValueDefinition.h; path = ../FSPageValueDefinition.h; sourceTree = "<group>"; };
		68FF9D02177DB39A0081A6E0 /* pageSize.json */ = {isa = PBXFileReference; fileEncoding = 4; lastKnownFileType = text.json; path = pageSize.json; sourceTree = "<group>"; };
		68FF9D24177E83B30081A6E0 /* zh-Hans */ = {isa = PBXFileReference; lastKnownFileType = text.plist.strings; name = "zh-Hans"; path = "zh-Hans.lproj/InfoPlist.strings"; sourceTree = "<group>"; };
		68FF9D25177E83B50081A6E0 /* zh-Hant-TW */ = {isa = PBXFileReference; lastKnownFileType = text.plist.strings; name = "zh-Hant-TW"; path = "zh-Hant-TW.lproj/InfoPlist.strings"; sourceTree = "<group>"; };
		D3F38A7BBF6F49A6B9D6D36A /* libPods.a */ = {isa = PBXFileReference; explicitFileType = archive.ar; includeInIndex = 0; path = libPods.a; sourceTree = BUILT_PRODUCTS_DIR; };
		EFD1E13A0F2D4841A8427F5F /* Pods.xcconfig */ = {isa = PBXFileReference; includeInIndex = 1; lastKnownFileType = text.xcconfig; name = Pods.xcconfig; path = Pods/Pods.xcconfig; sourceTree = "<group>"; };
/* End PBXFileReference section */

/* Begin PBXFrameworksBuildPhase section */
		27CD18B016E72A29006B6DCF /* Frameworks */ = {
			isa = PBXFrameworksBuildPhase;
			buildActionMask = 2147483647;
			files = (
				6876962F16F489B100E5DB62 /* MessageUI.framework in Frameworks */,
				27CD18FD16E73621006B6DCF /* QuartzCore.framework in Frameworks */,
				27CD18FA16E73604006B6DCF /* AssetsLibrary.framework in Frameworks */,
				27CD18B716E72A29006B6DCF /* UIKit.framework in Frameworks */,
				27CD18B916E72A29006B6DCF /* Foundation.framework in Frameworks */,
				27CD18BB16E72A29006B6DCF /* CoreGraphics.framework in Frameworks */,
				86C7B39A777E4B58BA1E920D /* libPods.a in Frameworks */,
			);
			runOnlyForDeploymentPostprocessing = 0;
		};
/* End PBXFrameworksBuildPhase section */

/* Begin PBXGroup section */
		27CD18AA16E72A29006B6DCF = {
			isa = PBXGroup;
			children = (
				27CD18BC16E72A29006B6DCF /* Rococo's Image2PDF */,
				6876963416F495ED00E5DB62 /* Resources */,
				27CD18B516E72A29006B6DCF /* Frameworks */,
				27CD18B416E72A29006B6DCF /* Products */,
				EFD1E13A0F2D4841A8427F5F /* Pods.xcconfig */,
			);
			sourceTree = "<group>";
		};
		27CD18B416E72A29006B6DCF /* Products */ = {
			isa = PBXGroup;
			children = (
				27CD18B316E72A29006B6DCF /* RoocokosImage2PDFConverter.app */,
			);
			name = Products;
			sourceTree = "<group>";
		};
		27CD18B516E72A29006B6DCF /* Frameworks */ = {
			isa = PBXGroup;
			children = (
				6876962E16F489B100E5DB62 /* MessageUI.framework */,
				27CD18FB16E73610006B6DCF /* QuartzCore.framework */,
				27CD18DD16E73143006B6DCF /* AssetsLibrary.framework */,
				27CD18B616E72A29006B6DCF /* UIKit.framework */,
				27CD18B816E72A29006B6DCF /* Foundation.framework */,
				27CD18BA16E72A29006B6DCF /* CoreGraphics.framework */,
				D3F38A7BBF6F49A6B9D6D36A /* libPods.a */,
			);
			name = Frameworks;
			sourceTree = "<group>";
		};
		27CD18BC16E72A29006B6DCF /* Rococo's Image2PDF */ = {
			isa = PBXGroup;
			children = (
				27CD18DF16E7355A006B6DCF /* Classes */,
				27CD18CE16E72A29006B6DCF /* MainStoryboard.storyboard */,
				27CD18BD16E72A29006B6DCF /* Supporting Files */,
			);
			path = "Rococo's Image2PDF";
			sourceTree = "<group>";
		};
		27CD18BD16E72A29006B6DCF /* Supporting Files */ = {
			isa = PBXGroup;
			children = (
				27CD18C516E72A29006B6DCF /* AppDelegate.h */,
				27CD18C616E72A29006B6DCF /* AppDelegate.m */,
				27CD18BE16E72A29006B6DCF /* Rococo's Image2PDF-Info.plist */,
				27CD18BF16E72A29006B6DCF /* InfoPlist.strings */,
				27CD18C216E72A29006B6DCF /* main.m */,
				27CD18C416E72A29006B6DCF /* Rococo's Image2PDF-Prefix.pch */,
			);
			name = "Supporting Files";
			sourceTree = "<group>";
		};
		27CD18DF16E7355A006B6DCF /* Classes */ = {
			isa = PBXGroup;
			children = (
				6814A673193B602800E28D3E /* Controllers */,
				6814A675193B605800E28D3E /* Views */,
				6814A676193B606D00E28D3E /* Models */,
				6814A674193B603500E28D3E /* 3rdLibs */,
			);
			path = Classes;
			sourceTree = "<group>";
		};
		6814A673193B602800E28D3E /* Controllers */ = {
			isa = PBXGroup;
			children = (
				68FF9D01177DA8980081A6E0 /* FSPageValueDefinition.h */,
				68122396177D78EC00DFA022 /* FSUIViewAnimation.h */,
				68122397177D78EC00DFA022 /* FSUIViewAnimation.m */,
				68122399177D792100DFA022 /* FSToolBox.h */,
				6812239A177D792100DFA022 /* FSToolBox.m */,
				68FF9CFB177D90130081A6E0 /* UIViewController+FSViewController.h */,
				68FF9CFC177D90130081A6E0 /* UIViewController+FSViewController.m */,
				27CD18D116E72A29006B6DCF /* ViewController.h */,
				27CD18D216E72A29006B6DCF /* ViewController.m */,
				68CDE0E117784AFF008573A0 /* FSNavigationController.h */,
				68CDE0E217784AFF008573A0 /* FSNavigationController.m */,
				68FF9CFE177DA1400081A6E0 /* FSPagingScrollView.h */,
				68FF9CFF177DA1400081A6E0 /* FSPagingScrollView.m */,
				68D8B03D19E3D27A00C3B0B2 /* FSSettingsViewController.swift */,
				68EB197A1799135200AC132A /* FSPdfPreviewViewController.h */,
				68EB197B1799135200AC132A /* FSPdfPreviewViewController.m */,
				68EB1993179927FA00AC132A /* FSimageOrderChangingViewController.h */,
				68EB1994179927FA00AC132A /* FSimageOrderChangingViewController.m */,
				68D8B03A19E3D24100C3B0B2 /* Rococo's Image2PDF-Bridging-Header.h */,
			);
			name = Controllers;
			sourceTree = "<group>";
		};
		6814A674193B603500E28D3E /* 3rdLibs */ = {
			isa = PBXGroup;
			children = (
				68D8B01919E3CF1500C3B0B2 /* QBImagePickerController */,
				68EB1981179926C100AC132A /* GMGridView */,
			);
			name = 3rdLibs;
			sourceTree = "<group>";
		};
		6814A675193B605800E28D3E /* Views */ = {
			isa = PBXGroup;
			children = (
				6876A0EF18BF5E5F00485B9D /* BackgroundCoverView.h */,
				6876A0F018BF5E5F00485B9D /* BackgroundCoverView.m */,
			);
			name = Views;
			sourceTree = "<group>";
		};
		6814A676193B606D00E28D3E /* Models */ = {
			isa = PBXGroup;
			children = (
				27CD18DA16E72AA7006B6DCF /* WQPDFManager.h */,
				27CD18DB16E72AA7006B6DCF /* WQPDFManager.m */,
			);
			name = Models;
			sourceTree = "<group>";
		};
		6876963416F495ED00E5DB62 /* Resources */ = {
			isa = PBXGroup;
			children = (
				688A1A6718BF4A3700EFD1D3 /* Images.xcassets */,
				68FF9D02177DB39A0081A6E0 /* pageSize.json */,
				68B76F9E16F49AA000AF0B8B /* Localizable.strings */,
				6815F3F616F49B9700F3C242 /* Localizable.strings */,
				6815F3F916F49C7600F3C242 /* Localizable.strings */,
			);
			name = Resources;
			path = "Rococo's Image2PDF";
			sourceTree = "<group>";
		};
		68D8B01919E3CF1500C3B0B2 /* QBImagePickerController */ = {
			isa = PBXGroup;
			children = (
				68D8B01A19E3CF1500C3B0B2 /* QBAssetsCollectionCheckmarkView.h */,
				68D8B01B19E3CF1500C3B0B2 /* QBAssetsCollectionCheckmarkView.m */,
				68D8B01C19E3CF1500C3B0B2 /* QBAssetsCollectionFooterView.h */,
				68D8B01D19E3CF1500C3B0B2 /* QBAssetsCollectionFooterView.m */,
				68D8B01E19E3CF1500C3B0B2 /* QBAssetsCollectionOverlayView.h */,
				68D8B01F19E3CF1500C3B0B2 /* QBAssetsCollectionOverlayView.m */,
				68D8B02019E3CF1500C3B0B2 /* QBAssetsCollectionViewCell.h */,
				68D8B02119E3CF1500C3B0B2 /* QBAssetsCollectionViewCell.m */,
				68D8B02219E3CF1500C3B0B2 /* QBAssetsCollectionViewController.h */,
				68D8B02319E3CF1500C3B0B2 /* QBAssetsCollectionViewController.m */,
				68D8B02419E3CF1500C3B0B2 /* QBAssetsCollectionViewLayout.h */,
				68D8B02519E3CF1500C3B0B2 /* QBAssetsCollectionViewLayout.m */,
				68D8B02619E3CF1500C3B0B2 /* QBImagePickerController.h */,
				68D8B02719E3CF1500C3B0B2 /* QBImagePickerController.m */,
				68D8B02819E3CF1500C3B0B2 /* QBImagePickerGroupCell.h */,
				68D8B02919E3CF1500C3B0B2 /* QBImagePickerGroupCell.m */,
				68D8B02A19E3CF1500C3B0B2 /* QBImagePickerThumbnailView.h */,
				68D8B02B19E3CF1500C3B0B2 /* QBImagePickerThumbnailView.m */,
				68D8B02C19E3CF1500C3B0B2 /* Resources */,
			);
			path = QBImagePickerController;
			sourceTree = "<group>";
		};
		68D8B02C19E3CF1500C3B0B2 /* Resources */ = {
			isa = PBXGroup;
			children = (
				68D8B02D19E3CF1500C3B0B2 /* QBImagePickerController.strings */,
			);
			path = Resources;
			sourceTree = "<group>";
		};
		68EB1981179926C100AC132A /* GMGridView */ = {
			isa = PBXGroup;
			children = (
				68EB1982179926C100AC132A /* GMGridView-Constants.h */,
				68EB1983179926C100AC132A /* GMGridView.h */,
				68EB1984179926C100AC132A /* GMGridView.m */,
				68EB1985179926C100AC132A /* GMGridViewCell+Extended.h */,
				68EB1986179926C100AC132A /* GMGridViewCell.h */,
				68EB1987179926C100AC132A /* GMGridViewCell.m */,
				68EB1988179926C100AC132A /* GMGridViewLayoutStrategies.h */,
				68EB1989179926C100AC132A /* GMGridViewLayoutStrategies.m */,
				68EB198A179926C100AC132A /* UIGestureRecognizer+GMGridViewAdditions.h */,
				68EB198B179926C100AC132A /* UIGestureRecognizer+GMGridViewAdditions.m */,
				68EB198C179926C100AC132A /* UIView+GMGridViewAdditions.h */,
				68EB198D179926C100AC132A /* UIView+GMGridViewAdditions.m */,
			);
			path = GMGridView;
			sourceTree = "<group>";
		};
/* End PBXGroup section */

/* Begin PBXNativeTarget section */
		27CD18B216E72A29006B6DCF /* Rococo's Image2PDF */ = {
			isa = PBXNativeTarget;
			buildConfigurationList = 27CD18D616E72A29006B6DCF /* Build configuration list for PBXNativeTarget "Rococo's Image2PDF" */;
			buildPhases = (
				A29C75C6BF8D4C4A9BF43449 /* Check Pods Manifest.lock */,
				27CD18AF16E72A29006B6DCF /* Sources */,
				27CD18B016E72A29006B6DCF /* Frameworks */,
				27CD18B116E72A29006B6DCF /* Resources */,
				461FD14F41D84D459EC78380 /* Copy Pods Resources */,
			);
			buildRules = (
			);
			dependencies = (
			);
			name = "Rococo's Image2PDF";
			productName = "Rococo's Image2PDF";
			productReference = 27CD18B316E72A29006B6DCF /* RoocokosImage2PDFConverter.app */;
			productType = "com.apple.product-type.application";
		};
/* End PBXNativeTarget section */

/* Begin PBXProject section */
		27CD18AB16E72A29006B6DCF /* Project object */ = {
			isa = PBXProject;
			attributes = {
				LastSwiftMigration = 0700;
				LastSwiftUpdateCheck = 0700;
				LastUpgradeCheck = 0460;
				ORGANIZATIONNAME = Nonomori;
				TargetAttributes = {
					27CD18B216E72A29006B6DCF = {
						DevelopmentTeam = 268U84W7J3;
					};
				};
			};
			buildConfigurationList = 27CD18AE16E72A29006B6DCF /* Build configuration list for PBXProject "Rococo's Image2PDF" */;
			compatibilityVersion = "Xcode 3.2";
			developmentRegion = English;
			hasScannedForEncodings = 0;
			knownRegions = (
				en,
				"zh-Hant-TW",
				"zh-Hans",
				Base,
				ja,
			);
			mainGroup = 27CD18AA16E72A29006B6DCF;
			productRefGroup = 27CD18B416E72A29006B6DCF /* Products */;
			projectDirPath = "";
			projectRoot = "";
			targets = (
				27CD18B216E72A29006B6DCF /* Rococo's Image2PDF */,
			);
		};
/* End PBXProject section */

/* Begin PBXResourcesBuildPhase section */
		27CD18B116E72A29006B6DCF /* Resources */ = {
			isa = PBXResourcesBuildPhase;
			buildActionMask = 2147483647;
			files = (
				27CD18C116E72A29006B6DCF /* InfoPlist.strings in Resources */,
				27CD18D016E72A29006B6DCF /* MainStoryboard.storyboard in Resources */,
				68B76FA016F49AA000AF0B8B /* Localizable.strings in Resources */,
				6815F3F816F49B9700F3C242 /* Localizable.strings in Resources */,
				6815F3FB16F49C7600F3C242 /* Localizable.strings in Resources */,
				688A1A6818BF4A3700EFD1D3 /* Images.xcassets in Resources */,
				68FF9D03177DB39A0081A6E0 /* pageSize.json in Resources */,
				68D8B03919E3CF1500C3B0B2 /* QBImagePickerController.strings in Resources */,
			);
			runOnlyForDeploymentPostprocessing = 0;
		};
/* End PBXResourcesBuildPhase section */

/* Begin PBXShellScriptBuildPhase section */
		461FD14F41D84D459EC78380 /* Copy Pods Resources */ = {
			isa = PBXShellScriptBuildPhase;
			buildActionMask = 2147483647;
			files = (
			);
			inputPaths = (
			);
			name = "Copy Pods Resources";
			outputPaths = (
			);
			runOnlyForDeploymentPostprocessing = 0;
			shellPath = /bin/sh;
			shellScript = "\"${SRCROOT}/Pods/Pods-resources.sh\"\n";
			showEnvVarsInLog = 0;
		};
		A29C75C6BF8D4C4A9BF43449 /* Check Pods Manifest.lock */ = {
			isa = PBXShellScriptBuildPhase;
			buildActionMask = 2147483647;
			files = (
			);
			inputPaths = (
			);
			name = "Check Pods Manifest.lock";
			outputPaths = (
			);
			runOnlyForDeploymentPostprocessing = 0;
			shellPath = /bin/sh;
			shellScript = "diff \"${PODS_ROOT}/../Podfile.lock\" \"${PODS_ROOT}/Manifest.lock\" > /dev/null\nif [[ $? != 0 ]] ; then\n    cat << EOM\nerror: The sandbox is not in sync with the Podfile.lock. Run 'pod install' or update your CocoaPods installation.\nEOM\n    exit 1\nfi\n";
			showEnvVarsInLog = 0;
		};
/* End PBXShellScriptBuildPhase section */

/* Begin PBXSourcesBuildPhase section */
		27CD18AF16E72A29006B6DCF /* Sources */ = {
			isa = PBXSourcesBuildPhase;
			buildActionMask = 2147483647;
			files = (
				6876A0F118BF5E5F00485B9D /* BackgroundCoverView.m in Sources */,
				27CD18C316E72A29006B6DCF /* main.m in Sources */,
				68D8B03019E3CF1500C3B0B2 /* QBAssetsCollectionCheckmarkView.m in Sources */,
				27CD18C716E72A29006B6DCF /* AppDelegate.m in Sources */,
				68D8B03E19E3D27A00C3B0B2 /* FSSettingsViewController.swift in Sources */,
				27CD18D316E72A29006B6DCF /* ViewController.m in Sources */,
				27CD18DC16E72AA7006B6DCF /* WQPDFManager.m in Sources */,
				68D8B03619E3CF1500C3B0B2 /* QBImagePickerController.m in Sources */,
				68D8B03419E3CF1500C3B0B2 /* QBAssetsCollectionViewController.m in Sources */,
				68CDE0E317784AFF008573A0 /* FSNavigationController.m in Sources */,
				68D8B03819E3CF1500C3B0B2 /* QBImagePickerThumbnailView.m in Sources */,
				68122398177D78EC00DFA022 /* FSUIViewAnimation.m in Sources */,
				6812239B177D792100DFA022 /* FSToolBox.m in Sources */,
				68D8B03119E3CF1500C3B0B2 /* QBAssetsCollectionFooterView.m in Sources */,
				68FF9CFD177D90130081A6E0 /* UIViewController+FSViewController.m in Sources */,
				68D8B03719E3CF1500C3B0B2 /* QBImagePickerGroupCell.m in Sources */,
				68D8B03219E3CF1500C3B0B2 /* QBAssetsCollectionOverlayView.m in Sources */,
				68FF9D00177DA1400081A6E0 /* FSPagingScrollView.m in Sources */,
				68EB197C1799135200AC132A /* FSPdfPreviewViewController.m in Sources */,
				68EB198E179926C100AC132A /* GMGridView.m in Sources */,
				68EB198F179926C100AC132A /* GMGridViewCell.m in Sources */,
				68EB1990179926C100AC132A /* GMGridViewLayoutStrategies.m in Sources */,
				68D8B03519E3CF1500C3B0B2 /* QBAssetsCollectionViewLayout.m in Sources */,
				68EB1991179926C100AC132A /* UIGestureRecognizer+GMGridViewAdditions.m in Sources */,
				68EB1992179926C100AC132A /* UIView+GMGridViewAdditions.m in Sources */,
				68D8B03319E3CF1500C3B0B2 /* QBAssetsCollectionViewCell.m in Sources */,
				68EB1995179927FB00AC132A /* FSimageOrderChangingViewController.m in Sources */,
			);
			runOnlyForDeploymentPostprocessing = 0;
		};
/* End PBXSourcesBuildPhase section */

/* Begin PBXVariantGroup section */
		27CD18BF16E72A29006B6DCF /* InfoPlist.strings */ = {
			isa = PBXVariantGroup;
			children = (
				27CD18C016E72A29006B6DCF /* en */,
				68FF9D24177E83B30081A6E0 /* zh-Hans */,
				68FF9D25177E83B50081A6E0 /* zh-Hant-TW */,
			);
			name = InfoPlist.strings;
			sourceTree = "<group>";
		};
		27CD18CE16E72A29006B6DCF /* MainStoryboard.storyboard */ = {
			isa = PBXVariantGroup;
			children = (
				6815F41016F4A5F400F3C242 /* en */,
			);
			name = MainStoryboard.storyboard;
			sourceTree = "<group>";
		};
		6815F3F616F49B9700F3C242 /* Localizable.strings */ = {
			isa = PBXVariantGroup;
			children = (
				6815F3F716F49B9700F3C242 /* zh-Hans */,
			);
			name = Localizable.strings;
			sourceTree = "<group>";
		};
		6815F3F916F49C7600F3C242 /* Localizable.strings */ = {
			isa = PBXVariantGroup;
			children = (
				6815F3FA16F49C7600F3C242 /* zh-Hant-TW */,
			);
			name = Localizable.strings;
			sourceTree = "<group>";
		};
		68B76F9E16F49AA000AF0B8B /* Localizable.strings */ = {
			isa = PBXVariantGroup;
			children = (
				68B76F9F16F49AA000AF0B8B /* en */,
			);
			name = Localizable.strings;
			sourceTree = "<group>";
		};
		68D8B02D19E3CF1500C3B0B2 /* QBImagePickerController.strings */ = {
			isa = PBXVariantGroup;
			children = (
				68D8B02E19E3CF1500C3B0B2 /* en */,
				68D8B02F19E3CF1500C3B0B2 /* zh-Hans */,
			);
			name = QBImagePickerController.strings;
			sourceTree = "<group>";
		};
/* End PBXVariantGroup section */

/* Begin XCBuildConfiguration section */
		27CD18D416E72A29006B6DCF /* Debug */ = {
			isa = XCBuildConfiguration;
			buildSettings = {
				ALWAYS_SEARCH_USER_PATHS = NO;
				CLANG_CXX_LANGUAGE_STANDARD = "gnu++0x";
				CLANG_CXX_LIBRARY = "libc++";
				CLANG_ENABLE_OBJC_ARC = YES;
				CLANG_WARN_CONSTANT_CONVERSION = YES;
				CLANG_WARN_EMPTY_BODY = YES;
				CLANG_WARN_ENUM_CONVERSION = YES;
				CLANG_WARN_INT_CONVERSION = YES;
				CLANG_WARN__DUPLICATE_METHOD_MATCH = YES;
				"CODE_SIGN_IDENTITY[sdk=iphoneos*]" = "iPhone Developer";
				COPY_PHASE_STRIP = NO;
				GCC_C_LANGUAGE_STANDARD = gnu99;
				GCC_DYNAMIC_NO_PIC = NO;
				GCC_OPTIMIZATION_LEVEL = 0;
				GCC_PREPROCESSOR_DEFINITIONS = (
					"DEBUG=1",
					"$(inherited)",
				);
				GCC_SYMBOLS_PRIVATE_EXTERN = NO;
				GCC_WARN_ABOUT_RETURN_TYPE = YES;
				GCC_WARN_UNINITIALIZED_AUTOS = YES;
				GCC_WARN_UNUSED_VARIABLE = YES;
				IPHONEOS_DEPLOYMENT_TARGET = 6.1;
				ONLY_ACTIVE_ARCH = YES;
				SDKROOT = iphoneos;
			};
			name = Debug;
		};
		27CD18D516E72A29006B6DCF /* Release */ = {
			isa = XCBuildConfiguration;
			buildSettings = {
				ALWAYS_SEARCH_USER_PATHS = NO;
				CLANG_CXX_LANGUAGE_STANDARD = "gnu++0x";
				CLANG_CXX_LIBRARY = "libc++";
				CLANG_ENABLE_OBJC_ARC = YES;
				CLANG_WARN_CONSTANT_CONVERSION = YES;
				CLANG_WARN_EMPTY_BODY = YES;
				CLANG_WARN_ENUM_CONVERSION = YES;
				CLANG_WARN_INT_CONVERSION = YES;
				CLANG_WARN__DUPLICATE_METHOD_MATCH = YES;
				"CODE_SIGN_IDENTITY[sdk=iphoneos*]" = "iPhone Developer";
				COPY_PHASE_STRIP = YES;
				GCC_C_LANGUAGE_STANDARD = gnu99;
				GCC_WARN_ABOUT_RETURN_TYPE = YES;
				GCC_WARN_UNINITIALIZED_AUTOS = YES;
				GCC_WARN_UNUSED_VARIABLE = YES;
				IPHONEOS_DEPLOYMENT_TARGET = 6.1;
				OTHER_CFLAGS = "-DNS_BLOCK_ASSERTIONS=1";
				SDKROOT = iphoneos;
				VALIDATE_PRODUCT = YES;
			};
			name = Release;
		};
		27CD18D716E72A29006B6DCF /* Debug */ = {
			isa = XCBuildConfiguration;
			baseConfigurationReference = EFD1E13A0F2D4841A8427F5F /* Pods.xcconfig */;
			buildSettings = {
				ASSETCATALOG_COMPILER_APPICON_NAME = AppIcon;
				ASSETCATALOG_COMPILER_LAUNCHIMAGE_NAME = LaunchImage;
				CLANG_ENABLE_MODULES = YES;
				CODE_SIGN_IDENTITY = "iPhone Developer";
				GCC_PRECOMPILE_PREFIX_HEADER = YES;
				GCC_PREFIX_HEADER = "Rococo's Image2PDF/Rococo's Image2PDF-Prefix.pch";
				INFOPLIST_FILE = "Rococo's Image2PDF/Rococo's Image2PDF-Info.plist";
				IPHONEOS_DEPLOYMENT_TARGET = 7.0;
				LD_RUNPATH_SEARCH_PATHS = "$(inherited) @executable_path/Frameworks";
				OTHER_LDFLAGS = (
					"-lc++",
					"-all_load",
					"-ObjC",
				);
				PRODUCT_NAME = RoocokosImage2PDFConverter;
				SWIFT_OBJC_BRIDGING_HEADER = "Rococo's Image2PDF/Classes/Rococo's Image2PDF-Bridging-Header.h";
				SWIFT_OPTIMIZATION_LEVEL = "-Onone";
				WRAPPER_EXTENSION = app;
			};
			name = Debug;
		};
		27CD18D816E72A29006B6DCF /* Release */ = {
			isa = XCBuildConfiguration;
			baseConfigurationReference = EFD1E13A0F2D4841A8427F5F /* Pods.xcconfig */;
			buildSettings = {
				ASSETCATALOG_COMPILER_APPICON_NAME = AppIcon;
				ASSETCATALOG_COMPILER_LAUNCHIMAGE_NAME = LaunchImage;
				CLANG_ENABLE_MODULES = YES;
				CODE_SIGN_IDENTITY = "iPhone Developer";
				"CODE_SIGN_IDENTITY[sdk=iphoneos*]" = "iPhone Distribution";
				GCC_PRECOMPILE_PREFIX_HEADER = YES;
				GCC_PREFIX_HEADER = "Rococo's Image2PDF/Rococo's Image2PDF-Prefix.pch";
				INFOPLIST_FILE = "Rococo's Image2PDF/Rococo's Image2PDF-Info.plist";
				IPHONEOS_DEPLOYMENT_TARGET = 7.0;
				LD_RUNPATH_SEARCH_PATHS = "$(inherited) @executable_path/Frameworks";
				OTHER_LDFLAGS = (
					"-lc++",
					"-all_load",
					"-ObjC",
				);
				PRODUCT_NAME = RoocokosImage2PDFConverter;
				PROVISIONING_PROFILE = "";
				"PROVISIONING_PROFILE[sdk=iphoneos*]" = "";
				SWIFT_OBJC_BRIDGING_HEADER = "Rococo's Image2PDF/Classes/Rococo's Image2PDF-Bridging-Header.h";
				WRAPPER_EXTENSION = app;
			};
			name = Release;
		};
/* End XCBuildConfiguration section */

/* Begin XCConfigurationList section */
		27CD18AE16E72A29006B6DCF /* Build configuration list for PBXProject "Rococo's Image2PDF" */ = {
			isa = XCConfigurationList;
			buildConfigurations = (
				27CD18D416E72A29006B6DCF /* Debug */,
				27CD18D516E72A29006B6DCF /* Release */,
			);
			defaultConfigurationIsVisible = 0;
			defaultConfigurationName = Release;
		};
		27CD18D616E72A29006B6DCF /* Build configuration list for PBXNativeTarget "Rococo's Image2PDF" */ = {
			isa = XCConfigurationList;
			buildConfigurations = (
				27CD18D716E72A29006B6DCF /* Debug */,
				27CD18D816E72A29006B6DCF /* Release */,
			);
			defaultConfigurationIsVisible = 0;
			defaultConfigurationName = Release;
		};
/* End XCConfigurationList section */
	};
	rootObject = 27CD18AB16E72A29006B6DCF /* Project object */;
}
